PODS:
  - Kiwi (2.4.0)
  - TLTranstionLib (1.0.0)

DEPENDENCIES:
  - Kiwi
  - TLTranstionLib (from `../`)

EXTERNAL SOURCES:
  TLTranstionLib:
    :path: ../

SPEC CHECKSUMS:
  Kiwi: f49c9d54b28917df5928fe44968a39ed198cb8a8
  TLTranstionLib: 53f4d223aedf02cd0e4b1d4cf4137fb788867086

COCOAPODS: 0.39.0
